
Microsoft Visual Studio Solution File, Format Version 12.00
# Visual Studio Version 16
VisualStudioVersion = 16.0.30517.126
MinimumVisualStudioVersion = 10.0.40219.1
Project("{FAE04EC0-301F-11D3-BF4B-00C04F79EFBC}") = "ChuckConsole", "ChuckConsole\ChuckConsole.csproj", "{DC103647-EFE3-4DAB-82B9-20FDABD496F4}"
EndProject
Project("{FAE04EC0-301F-11D3-BF4B-00C04F79EFBC}") = "ChuckForm", "ChuckForm\ChuckForm.csproj", "{4252164D-41FA-458F-91A4-A2A739FB99B7}"
EndProject
Global
	GlobalSection(SolutionConfigurationPlatforms) = preSolution
		Debug|Any CPU = Debug|Any CPU
		Release|Any CPU = Release|Any CPU
	EndGlobalSection
	GlobalSection(ProjectConfigurationPlatforms) = postSolution
		{DC103647-EFE3-4DAB-82B9-20FDABD496F4}.Debug|Any CPU.ActiveCfg = Debug|Any CPU
		{DC103647-EFE3-4DAB-82B9-20FDABD496F4}.Debug|Any CPU.Build.0 = Debug|Any CPU
		{DC103647-EFE3-4DAB-82B9-20FDABD496F4}.Release|Any CPU.ActiveCfg = Release|Any CPU
		{DC103647-EFE3-4DAB-82B9-20FDABD496F4}.Release|Any CPU.Build.0 = Release|Any CPU
		{4252164D-41FA-458F-91A4-A2A739FB99B7}.Debug|Any CPU.ActiveCfg = Debug|Any CPU
		{4252164D-41FA-458F-91A4-A2A739FB99B7}.Debug|Any CPU.Build.0 = Debug|Any CPU
		{4252164D-41FA-458F-91A4-A2A739FB99B7}.Release|Any CPU.ActiveCfg = Release|Any CPU
		{4252164D-41FA-458F-91A4-A2A739FB99B7}.Release|Any CPU.Build.0 = Release|Any CPU
	EndGlobalSection
	GlobalSection(SolutionProperties) = preSolution
		HideSolutionNode = FALSE
	EndGlobalSection
	GlobalSection(ExtensibilityGlobals) = postSolution
		SolutionGuid = {74563F60-F4F4-4E15-BE6A-DF2DD981BF7A}
	EndGlobalSection
EndGlobal
